
Microsoft Visual Studio Solution File, Format Version 12.00
# Visual Studio Version 17
VisualStudioVersion = 17.9.34701.34
MinimumVisualStudioVersion = 10.0.40219.1
Project("{9A19103F-16F7-4668-BE54-9A1E7A4F7556}") = "NectaDataTranferApp", "NectaDataTranferApp\NectaDataTranferApp\NectaDataTranferApp.csproj", "{D1D84AC2-169D-47C2-B960-801627237D22}"
EndProject
Project("{9A19103F-16F7-4668-BE54-9A1E7A4F7556}") = "NectaDataTranferApp.Client", "NectaDataTranferApp\NectaDataTranferApp.Client\NectaDataTranferApp.Client.csproj", "{42181E3F-B8FD-4D67-9D5F-22DE10736C21}"
EndProject
Project("{9A19103F-16F7-4668-BE54-9A1E7A4F7556}") = "NectaDataTranferApp.Shared", "NectaDataTranferApp.Shared\NectaDataTranferApp.Shared.csproj", "{5A87A743-20C3-4B17-9B76-FDB15D3A33C1}"
EndProject
Global
	GlobalSection(SolutionConfigurationPlatforms) = preSolution
		Debug|Any CPU = Debug|Any CPU
		Release|Any CPU = Release|Any CPU
	EndGlobalSection
	GlobalSection(ProjectConfigurationPlatforms) = postSolution
		{D1D84AC2-169D-47C2-B960-801627237D22}.Debug|Any CPU.ActiveCfg = Debug|Any CPU
		{D1D84AC2-169D-47C2-B960-801627237D22}.Debug|Any CPU.Build.0 = Debug|Any CPU
		{D1D84AC2-169D-47C2-B960-801627237D22}.Release|Any CPU.ActiveCfg = Release|Any CPU
		{D1D84AC2-169D-47C2-B960-801627237D22}.Release|Any CPU.Build.0 = Release|Any CPU
		{42181E3F-B8FD-4D67-9D5F-22DE10736C21}.Debug|Any CPU.ActiveCfg = Debug|Any CPU
		{42181E3F-B8FD-4D67-9D5F-22DE10736C21}.Debug|Any CPU.Build.0 = Debug|Any CPU
		{42181E3F-B8FD-4D67-9D5F-22DE10736C21}.Release|Any CPU.ActiveCfg = Release|Any CPU
		{42181E3F-B8FD-4D67-9D5F-22DE10736C21}.Release|Any CPU.Build.0 = Release|Any CPU
		{5A87A743-20C3-4B17-9B76-FDB15D3A33C1}.Debug|Any CPU.ActiveCfg = Debug|Any CPU
		{5A87A743-20C3-4B17-9B76-FDB15D3A33C1}.Debug|Any CPU.Build.0 = Debug|Any CPU
		{5A87A743-20C3-4B17-9B76-FDB15D3A33C1}.Release|Any CPU.ActiveCfg = Release|Any CPU
		{5A87A743-20C3-4B17-9B76-FDB15D3A33C1}.Release|Any CPU.Build.0 = Release|Any CPU
	EndGlobalSection
	GlobalSection(SolutionProperties) = preSolution
		HideSolutionNode = FALSE
	EndGlobalSection
	GlobalSection(ExtensibilityGlobals) = postSolution
		SolutionGuid = {99182E73-CA28-4E91-8BE4-0759A6E6C2C8}
	EndGlobalSection
EndGlobal
